
Microsoft Visual Studio Solution File, Format Version 12.00
# Visual Studio Version 16
VisualStudioVersion = 16.0.31112.23
MinimumVisualStudioVersion = 10.0.40219.1
Project("{FAE04EC0-301F-11D3-BF4B-00C04F79EFBC}") = "GridExtension", "GridExtension.csproj", "{0C51BDD0-0524-4695-87B8-D94A3B1E1A55}"
EndProject
Global
	GlobalSection(SolutionConfigurationPlatforms) = preSolution
		Debug|Any CPU = Debug|Any CPU
		Release|Any CPU = Release|Any CPU
	EndGlobalSection
	GlobalSection(ProjectConfigurationPlatforms) = postSolution
		{0C51BDD0-0524-4695-87B8-D94A3B1E1A55}.Debug|Any CPU.ActiveCfg = Debug|Any CPU
		{0C51BDD0-0524-4695-87B8-D94A3B1E1A55}.Debug|Any CPU.Build.0 = Debug|Any CPU
		{0C51BDD0-0524-4695-87B8-D94A3B1E1A55}.Release|Any CPU.ActiveCfg = Release|Any CPU
		{0C51BDD0-0524-4695-87B8-D94A3B1E1A55}.Release|Any CPU.Build.0 = Release|Any CPU
	EndGlobalSection
	GlobalSection(SolutionProperties) = preSolution
		HideSolutionNode = FALSE
	EndGlobalSection
	GlobalSection(ExtensibilityGlobals) = postSolution
		SolutionGuid = {CB563295-3B45-4384-A264-B23CFAE045F2}
	EndGlobalSection
EndGlobal
